
Microsoft Visual Studio Solution File, Format Version 12.00
# Visual Studio Version 17
VisualStudioVersion = 17.5.002.0
MinimumVisualStudioVersion = 10.0.40219.1
Project("{9A19103F-16F7-4668-BE54-9A1E7A4F7556}") = "entityframework", "entityframework.csproj", "{374E5AC5-D09B-42D4-BC41-C76B52279FE6}"
EndProject
Global
	GlobalSection(SolutionConfigurationPlatforms) = preSolution
		Debug|Any CPU = Debug|Any CPU
		Release|Any CPU = Release|Any CPU
	EndGlobalSection
	GlobalSection(ProjectConfigurationPlatforms) = postSolution
		{374E5AC5-D09B-42D4-BC41-C76B52279FE6}.Debug|Any CPU.ActiveCfg = Debug|Any CPU
		{374E5AC5-D09B-42D4-BC41-C76B52279FE6}.Debug|Any CPU.Build.0 = Debug|Any CPU
		{374E5AC5-D09B-42D4-BC41-C76B52279FE6}.Release|Any CPU.ActiveCfg = Release|Any CPU
		{374E5AC5-D09B-42D4-BC41-C76B52279FE6}.Release|Any CPU.Build.0 = Release|Any CPU
	EndGlobalSection
	GlobalSection(SolutionProperties) = preSolution
		HideSolutionNode = FALSE
	EndGlobalSection
	GlobalSection(ExtensibilityGlobals) = postSolution
		SolutionGuid = {57BECF19-1A2C-4026-AE3C-7C8693024E83}
	EndGlobalSection
EndGlobal
